// !$*UTF8*$!
{
	archiveVersion = 1;
	classes = {
	};
	objectVersion = 46;
	objects = {

/* Begin PBXBuildFile section */
		D454B44A1A43D1EE005ACB79 /* angle_list.cpp in Sources */ = {isa = PBXBuildFile; fileRef = D454B4491A43D1EE005ACB79 /* angle_list.cpp */; };
		D454B44B1A43D1EE005ACB79 /* angle_list.cpp in Sources */ = {isa = PBXBuildFile; fileRef = D454B4491A43D1EE005ACB79 /* angle_list.cpp */; };
		D458CADB1A44128A001EFFC5 /* analysis in CopyFiles */ = {isa = PBXBuildFile; fileRef = D44E43811A33DCB70095271F /* analysis */; };
		D45EE73C1A65DFCC001AB0E7 /* analyse.cpp in Sources */ = {isa = PBXBuildFile; fileRef = D45EE73A1A65DFCC001AB0E7 /* analyse.cpp */; };
		D4E6D7991A35987500A9D7F6 /* frame.cpp in Sources */ = {isa = PBXBuildFile; fileRef = D44E43F01A341D4C0095271F /* frame.cpp */; };
		D4E6D79A1A35987900A9D7F6 /* functions.cpp in Sources */ = {isa = PBXBuildFile; fileRef = D44E43F21A341D4C0095271F /* functions.cpp */; };
		D4E6D79B1A35987D00A9D7F6 /* input.cpp in Sources */ = {isa = PBXBuildFile; fileRef = D44E43F41A341D4C0095271F /* input.cpp */; };
		D4E6D79C1A35988200A9D7F6 /* mol_functions.cpp in Sources */ = {isa = PBXBuildFile; fileRef = D44E43FB1A341D4C0095271F /* mol_functions.cpp */; };
		D4E6D79D1A35988600A9D7F6 /* neighbours.cpp in Sources */ = {isa = PBXBuildFile; fileRef = D44E43FE1A341D4C0095271F /* neighbours.cpp */; };
		D4E6D79E1A35989A00A9D7F6 /* output.cpp in Sources */ = {isa = PBXBuildFile; fileRef = D44E44021A341D4C0095271F /* output.cpp */; };
		D4E6D79F1A35989A00A9D7F6 /* parallel.cpp in Sources */ = {isa = PBXBuildFile; fileRef = D44E44041A341D4C0095271F /* parallel.cpp */; };
		D4E6D7A01A35989A00A9D7F6 /* particle.cpp in Sources */ = {isa = PBXBuildFile; fileRef = D44E44061A341D4C0095271F /* particle.cpp */; };
		D4E6D7A11A35989A00A9D7F6 /* vect.cpp in Sources */ = {isa = PBXBuildFile; fileRef = D44E44091A341D4C0095271F /* vect.cpp */; };
		D4E6D7A21A35989A00A9D7F6 /* main.cpp in Sources */ = {isa = PBXBuildFile; fileRef = D44E43F81A341D4C0095271F /* main.cpp */; };
		D4E6D7B01A3598C600A9D7F6 /* dyn_queue.cpp in Sources */ = {isa = PBXBuildFile; fileRef = D4E6D7A51A3598C500A9D7F6 /* dyn_queue.cpp */; };
		D4E6D7B21A3598C600A9D7F6 /* molecule.cpp in Sources */ = {isa = PBXBuildFile; fileRef = D4E6D7AA1A3598C600A9D7F6 /* molecule.cpp */; };
		D4E6D7B31A3598C600A9D7F6 /* my_mean.cpp in Sources */ = {isa = PBXBuildFile; fileRef = D4E6D7AC1A3598C600A9D7F6 /* my_mean.cpp */; };
		D4F75BEF1A46233B003ACC41 /* analysis in CopyFiles */ = {isa = PBXBuildFile; fileRef = D44E43811A33DCB70095271F /* analysis */; };
		D4F9F6F41A42337A00CF2521 /* unit_cell.cpp in Sources */ = {isa = PBXBuildFile; fileRef = D4F9F6F21A42337A00CF2521 /* unit_cell.cpp */; };
		D4F9F6FC1A4241BF00CF2521 /* main.cpp in Sources */ = {isa = PBXBuildFile; fileRef = D4F9F6FB1A4241BF00CF2521 /* main.cpp */; };
		D4F9F71A1A439F8C00CF2521 /* dyn_queue.cpp in Sources */ = {isa = PBXBuildFile; fileRef = D4E6D7A51A3598C500A9D7F6 /* dyn_queue.cpp */; };
		D4F9F71B1A439F8C00CF2521 /* molecule.cpp in Sources */ = {isa = PBXBuildFile; fileRef = D4E6D7AA1A3598C600A9D7F6 /* molecule.cpp */; };
		D4F9F71C1A439F8C00CF2521 /* my_mean.cpp in Sources */ = {isa = PBXBuildFile; fileRef = D4E6D7AC1A3598C600A9D7F6 /* my_mean.cpp */; };
		D4F9F71D1A439F8C00CF2521 /* frame.cpp in Sources */ = {isa = PBXBuildFile; fileRef = D44E43F01A341D4C0095271F /* frame.cpp */; };
		D4F9F71E1A439F8C00CF2521 /* functions.cpp in Sources */ = {isa = PBXBuildFile; fileRef = D44E43F21A341D4C0095271F /* functions.cpp */; };
		D4F9F71F1A439F8C00CF2521 /* input.cpp in Sources */ = {isa = PBXBuildFile; fileRef = D44E43F41A341D4C0095271F /* input.cpp */; };
		D4F9F7201A439F8C00CF2521 /* unit_cell.cpp in Sources */ = {isa = PBXBuildFile; fileRef = D4F9F6F21A42337A00CF2521 /* unit_cell.cpp */; };
		D4F9F7211A439F8C00CF2521 /* mol_functions.cpp in Sources */ = {isa = PBXBuildFile; fileRef = D44E43FB1A341D4C0095271F /* mol_functions.cpp */; };
		D4F9F7221A439F8C00CF2521 /* neighbours.cpp in Sources */ = {isa = PBXBuildFile; fileRef = D44E43FE1A341D4C0095271F /* neighbours.cpp */; };
		D4F9F7231A439F8C00CF2521 /* output.cpp in Sources */ = {isa = PBXBuildFile; fileRef = D44E44021A341D4C0095271F /* output.cpp */; };
		D4F9F7241A439F8C00CF2521 /* parallel.cpp in Sources */ = {isa = PBXBuildFile; fileRef = D44E44041A341D4C0095271F /* parallel.cpp */; };
		D4F9F7251A439F8C00CF2521 /* particle.cpp in Sources */ = {isa = PBXBuildFile; fileRef = D44E44061A341D4C0095271F /* particle.cpp */; };
		D4F9F7261A439F8C00CF2521 /* vect.cpp in Sources */ = {isa = PBXBuildFile; fileRef = D44E44091A341D4C0095271F /* vect.cpp */; };
/* End PBXBuildFile section */

/* Begin PBXContainerItemProxy section */
		D454B4461A43AAF5005ACB79 /* PBXContainerItemProxy */ = {
			isa = PBXContainerItemProxy;
			containerPortal = D44E43791A33DCB70095271F /* Project object */;
			proxyType = 1;
			remoteGlobalIDString = D44E43801A33DCB70095271F;
			remoteInfo = analysis;
		};
/* End PBXContainerItemProxy section */

/* Begin PBXCopyFilesBuildPhase section */
		D44E437F1A33DCB70095271F /* CopyFiles */ = {
			isa = PBXCopyFilesBuildPhase;
			buildActionMask = 12;
			dstPath = "~/make/mac/bin";
			dstSubfolderSpec = 0;
			files = (
				D458CADB1A44128A001EFFC5 /* analysis in CopyFiles */,
			);
			runOnlyForDeploymentPostprocessing = 0;
		};
		D4F75BEE1A46231D003ACC41 /* CopyFiles */ = {
			isa = PBXCopyFilesBuildPhase;
			buildActionMask = 2147483647;
			dstPath = "~/make/analysis/work";
			dstSubfolderSpec = 0;
			files = (
				D4F75BEF1A46233B003ACC41 /* analysis in CopyFiles */,
			);
			runOnlyForDeploymentPostprocessing = 0;
		};
		D4F9F6F71A4241BF00CF2521 /* CopyFiles */ = {
			isa = PBXCopyFilesBuildPhase;
			buildActionMask = 2147483647;
			dstPath = /usr/share/man/man1/;
			dstSubfolderSpec = 0;
			files = (
			);
			runOnlyForDeploymentPostprocessing = 1;
		};
/* End PBXCopyFilesBuildPhase section */

/* Begin PBXFileReference section */
		D41B70C61A46C6F000AA73F3 /* short.lammpstrj */ = {isa = PBXFileReference; fileEncoding = 4; lastKnownFileType = text; name = short.lammpstrj; path = work/short.lammpstrj; sourceTree = "<group>"; };
		D44E43811A33DCB70095271F /* analysis */ = {isa = PBXFileReference; explicitFileType = "compiled.mach-o.executable"; includeInIndex = 0; path = analysis; sourceTree = BUILT_PRODUCTS_DIR; };
		D44E43F01A341D4C0095271F /* frame.cpp */ = {isa = PBXFileReference; fileEncoding = 4; lastKnownFileType = sourcecode.cpp.cpp; name = frame.cpp; path = lib/frame.cpp; sourceTree = SOURCE_ROOT; };
		D44E43F11A341D4C0095271F /* frame.h */ = {isa = PBXFileReference; fileEncoding = 4; lastKnownFileType = sourcecode.c.h; name = frame.h; path = lib/frame.h; sourceTree = SOURCE_ROOT; };
		D44E43F21A341D4C0095271F /* functions.cpp */ = {isa = PBXFileReference; fileEncoding = 4; lastKnownFileType = sourcecode.cpp.cpp; name = functions.cpp; path = lib/functions.cpp; sourceTree = SOURCE_ROOT; };
		D44E43F31A341D4C0095271F /* functions.h */ = {isa = PBXFileReference; fileEncoding = 4; lastKnownFileType = sourcecode.c.h; name = functions.h; path = lib/functions.h; sourceTree = SOURCE_ROOT; };
		D44E43F41A341D4C0095271F /* input.cpp */ = {isa = PBXFileReference; fileEncoding = 4; lastKnownFileType = sourcecode.cpp.cpp; name = input.cpp; path = lib/input.cpp; sourceTree = SOURCE_ROOT; };
		D44E43F51A341D4C0095271F /* input.h */ = {isa = PBXFileReference; fileEncoding = 4; lastKnownFileType = sourcecode.c.h; name = input.h; path = lib/input.h; sourceTree = SOURCE_ROOT; };
		D44E43F81A341D4C0095271F /* main.cpp */ = {isa = PBXFileReference; fileEncoding = 4; lastKnownFileType = sourcecode.cpp.cpp; name = main.cpp; path = lib/main.cpp; sourceTree = SOURCE_ROOT; };
		D44E43FB1A341D4C0095271F /* mol_functions.cpp */ = {isa = PBXFileReference; fileEncoding = 4; lastKnownFileType = sourcecode.cpp.cpp; name = mol_functions.cpp; path = lib/mol_functions.cpp; sourceTree = SOURCE_ROOT; };
		D44E43FC1A341D4C0095271F /* mol_functions.h */ = {isa = PBXFileReference; fileEncoding = 4; lastKnownFileType = sourcecode.c.h; name = mol_functions.h; path = lib/mol_functions.h; sourceTree = SOURCE_ROOT; };
		D44E43FE1A341D4C0095271F /* neighbours.cpp */ = {isa = PBXFileReference; fileEncoding = 4; lastKnownFileType = sourcecode.cpp.cpp; name = neighbours.cpp; path = lib/neighbours.cpp; sourceTree = SOURCE_ROOT; };
		D44E43FF1A341D4C0095271F /* neighbours.h */ = {isa = PBXFileReference; fileEncoding = 4; lastKnownFileType = sourcecode.c.h; name = neighbours.h; path = lib/neighbours.h; sourceTree = SOURCE_ROOT; };
		D44E44021A341D4C0095271F /* output.cpp */ = {isa = PBXFileReference; fileEncoding = 4; lastKnownFileType = sourcecode.cpp.cpp; name = output.cpp; path = lib/output.cpp; sourceTree = SOURCE_ROOT; };
		D44E44031A341D4C0095271F /* output.h */ = {isa = PBXFileReference; fileEncoding = 4; lastKnownFileType = sourcecode.c.h; name = output.h; path = lib/output.h; sourceTree = SOURCE_ROOT; };
		D44E44041A341D4C0095271F /* parallel.cpp */ = {isa = PBXFileReference; fileEncoding = 4; lastKnownFileType = sourcecode.cpp.cpp; name = parallel.cpp; path = lib/parallel.cpp; sourceTree = SOURCE_ROOT; };
		D44E44051A341D4C0095271F /* parallel.h */ = {isa = PBXFileReference; fileEncoding = 4; lastKnownFileType = sourcecode.c.h; name = parallel.h; path = lib/parallel.h; sourceTree = SOURCE_ROOT; };
		D44E44061A341D4C0095271F /* particle.cpp */ = {isa = PBXFileReference; fileEncoding = 4; lastKnownFileType = sourcecode.cpp.cpp; name = particle.cpp; path = lib/particle.cpp; sourceTree = SOURCE_ROOT; };
		D44E44071A341D4C0095271F /* particle.h */ = {isa = PBXFileReference; fileEncoding = 4; lastKnownFileType = sourcecode.c.h; name = particle.h; path = lib/particle.h; sourceTree = SOURCE_ROOT; };
		D44E44091A341D4C0095271F /* vect.cpp */ = {isa = PBXFileReference; fileEncoding = 4; lastKnownFileType = sourcecode.cpp.cpp; name = vect.cpp; path = lib/vect.cpp; sourceTree = SOURCE_ROOT; };
		D44E440A1A341D4C0095271F /* vect.h */ = {isa = PBXFileReference; fileEncoding = 4; lastKnownFileType = sourcecode.c.h; name = vect.h; path = lib/vect.h; sourceTree = SOURCE_ROOT; };
		D454B4491A43D1EE005ACB79 /* angle_list.cpp */ = {isa = PBXFileReference; fileEncoding = 4; lastKnownFileType = sourcecode.cpp.cpp; name = angle_list.cpp; path = lib/angle_list.cpp; sourceTree = SOURCE_ROOT; };
		D45EE73A1A65DFCC001AB0E7 /* analyse.cpp */ = {isa = PBXFileReference; fileEncoding = 4; lastKnownFileType = sourcecode.cpp.cpp; name = analyse.cpp; path = lib/analyse.cpp; sourceTree = SOURCE_ROOT; };
		D45EE73B1A65DFCC001AB0E7 /* analyse.h */ = {isa = PBXFileReference; fileEncoding = 4; lastKnownFileType = sourcecode.c.h; name = analyse.h; path = lib/analyse.h; sourceTree = SOURCE_ROOT; };
		D4AB718D1A477C6300ED8A6B /* front.lammpstrj */ = {isa = PBXFileReference; fileEncoding = 4; lastKnownFileType = text; name = front.lammpstrj; path = work/front.lammpstrj; sourceTree = "<group>"; };
		D4E6D7A31A3598C500A9D7F6 /* angle_list.h */ = {isa = PBXFileReference; fileEncoding = 4; lastKnownFileType = sourcecode.c.h; name = angle_list.h; path = lib/angle_list.h; sourceTree = SOURCE_ROOT; };
		D4E6D7A41A3598C500A9D7F6 /* constants.h */ = {isa = PBXFileReference; fileEncoding = 4; lastKnownFileType = sourcecode.c.h; name = constants.h; path = lib/constants.h; sourceTree = SOURCE_ROOT; };
		D4E6D7A51A3598C500A9D7F6 /* dyn_queue.cpp */ = {isa = PBXFileReference; fileEncoding = 4; lastKnownFileType = sourcecode.cpp.cpp; name = dyn_queue.cpp; path = lib/dyn_queue.cpp; sourceTree = SOURCE_ROOT; };
		D4E6D7A61A3598C500A9D7F6 /* dyn_queue.h */ = {isa = PBXFileReference; fileEncoding = 4; lastKnownFileType = sourcecode.c.h; name = dyn_queue.h; path = lib/dyn_queue.h; sourceTree = SOURCE_ROOT; };
		D4E6D7AA1A3598C600A9D7F6 /* molecule.cpp */ = {isa = PBXFileReference; fileEncoding = 4; lastKnownFileType = sourcecode.cpp.cpp; name = molecule.cpp; path = lib/molecule.cpp; sourceTree = SOURCE_ROOT; };
		D4E6D7AB1A3598C600A9D7F6 /* molecule.h */ = {isa = PBXFileReference; fileEncoding = 4; lastKnownFileType = sourcecode.c.h; name = molecule.h; path = lib/molecule.h; sourceTree = SOURCE_ROOT; };
		D4E6D7AC1A3598C600A9D7F6 /* my_mean.cpp */ = {isa = PBXFileReference; fileEncoding = 4; lastKnownFileType = sourcecode.cpp.cpp; name = my_mean.cpp; path = lib/my_mean.cpp; sourceTree = SOURCE_ROOT; };
		D4E6D7AD1A3598C600A9D7F6 /* my_mean.h */ = {isa = PBXFileReference; fileEncoding = 4; lastKnownFileType = sourcecode.c.h; name = my_mean.h; path = lib/my_mean.h; sourceTree = SOURCE_ROOT; };
		D4F9F6F21A42337A00CF2521 /* unit_cell.cpp */ = {isa = PBXFileReference; fileEncoding = 4; lastKnownFileType = sourcecode.cpp.cpp; name = unit_cell.cpp; path = lib/unit_cell.cpp; sourceTree = SOURCE_ROOT; };
		D4F9F6F31A42337A00CF2521 /* unit_cell.h */ = {isa = PBXFileReference; fileEncoding = 4; lastKnownFileType = sourcecode.c.h; name = unit_cell.h; path = lib/unit_cell.h; sourceTree = SOURCE_ROOT; };
		D4F9F6F91A4241BF00CF2521 /* test */ = {isa = PBXFileReference; explicitFileType = "compiled.mach-o.executable"; includeInIndex = 0; path = test; sourceTree = BUILT_PRODUCTS_DIR; };
		D4F9F6FB1A4241BF00CF2521 /* main.cpp */ = {isa = PBXFileReference; lastKnownFileType = sourcecode.cpp.cpp; path = main.cpp; sourceTree = "<group>"; };
		D4F9F72E1A43A22D00CF2521 /* run_test.sh */ = {isa = PBXFileReference; lastKnownFileType = text.script.sh; name = run_test.sh; path = work/run_test.sh; sourceTree = "<group>"; };
		D4F9F7341A43A25E00CF2521 /* Makefile */ = {isa = PBXFileReference; fileEncoding = 4; lastKnownFileType = sourcecode.make; name = Makefile; path = work/Makefile; sourceTree = "<group>"; };
		D4F9F7391A43A25E00CF2521 /* test.py */ = {isa = PBXFileReference; fileEncoding = 4; lastKnownFileType = text.script.python; name = test.py; path = work/test.py; sourceTree = "<group>"; };
		D4F9F73B1A43A25E00CF2521 /* unit_cell.plot */ = {isa = PBXFileReference; fileEncoding = 4; lastKnownFileType = text; name = unit_cell.plot; path = work/unit_cell.plot; sourceTree = "<group>"; };
/* End PBXFileReference section */

/* Begin PBXFrameworksBuildPhase section */
		D44E437E1A33DCB70095271F /* Frameworks */ = {
			isa = PBXFrameworksBuildPhase;
			buildActionMask = 2147483647;
			files = (
			);
			runOnlyForDeploymentPostprocessing = 0;
		};
		D4F9F6F61A4241BF00CF2521 /* Frameworks */ = {
			isa = PBXFrameworksBuildPhase;
			buildActionMask = 2147483647;
			files = (
			);
			runOnlyForDeploymentPostprocessing = 0;
		};
/* End PBXFrameworksBuildPhase section */

/* Begin PBXGroup section */
		D44E43781A33DCB70095271F = {
			isa = PBXGroup;
			children = (
				D44E43831A33DCB70095271F /* analysis */,
				D44E43BE1A33DD9C0095271F /* work */,
				D4F9F6FA1A4241BF00CF2521 /* test */,
				D44E43821A33DCB70095271F /* Products */,
			);
			sourceTree = "<group>";
		};
		D44E43821A33DCB70095271F /* Products */ = {
			isa = PBXGroup;
			children = (
				D44E43811A33DCB70095271F /* analysis */,
				D4F9F6F91A4241BF00CF2521 /* test */,
			);
			name = Products;
			sourceTree = "<group>";
		};
		D44E43831A33DCB70095271F /* analysis */ = {
			isa = PBXGroup;
			children = (
				D4E6D7A31A3598C500A9D7F6 /* angle_list.h */,
				D454B4491A43D1EE005ACB79 /* angle_list.cpp */,
				D4E6D7A41A3598C500A9D7F6 /* constants.h */,
				D4E6D7A51A3598C500A9D7F6 /* dyn_queue.cpp */,
				D4E6D7A61A3598C500A9D7F6 /* dyn_queue.h */,
				D4E6D7AA1A3598C600A9D7F6 /* molecule.cpp */,
				D4E6D7AB1A3598C600A9D7F6 /* molecule.h */,
				D4E6D7AC1A3598C600A9D7F6 /* my_mean.cpp */,
				D4E6D7AD1A3598C600A9D7F6 /* my_mean.h */,
				D44E43F01A341D4C0095271F /* frame.cpp */,
				D44E43F11A341D4C0095271F /* frame.h */,
				D44E43F21A341D4C0095271F /* functions.cpp */,
				D44E43F31A341D4C0095271F /* functions.h */,
				D44E43F41A341D4C0095271F /* input.cpp */,
				D44E43F51A341D4C0095271F /* input.h */,
				D4F9F6F21A42337A00CF2521 /* unit_cell.cpp */,
				D4F9F6F31A42337A00CF2521 /* unit_cell.h */,
				D44E43FB1A341D4C0095271F /* mol_functions.cpp */,
				D44E43FC1A341D4C0095271F /* mol_functions.h */,
				D44E43FE1A341D4C0095271F /* neighbours.cpp */,
				D44E43FF1A341D4C0095271F /* neighbours.h */,
				D44E44021A341D4C0095271F /* output.cpp */,
				D44E44031A341D4C0095271F /* output.h */,
				D44E44041A341D4C0095271F /* parallel.cpp */,
				D44E44051A341D4C0095271F /* parallel.h */,
				D44E44061A341D4C0095271F /* particle.cpp */,
				D44E44071A341D4C0095271F /* particle.h */,
				D44E44091A341D4C0095271F /* vect.cpp */,
				D44E440A1A341D4C0095271F /* vect.h */,
				D44E43F81A341D4C0095271F /* main.cpp */,
				D45EE73A1A65DFCC001AB0E7 /* analyse.cpp */,
				D45EE73B1A65DFCC001AB0E7 /* analyse.h */,
			);
			path = analysis;
			sourceTree = "<group>";
		};
		D44E43BE1A33DD9C0095271F /* work */ = {
			isa = PBXGroup;
			children = (
				D458CADC1A441360001EFFC5 /* trj_contact */,
				D4AB718D1A477C6300ED8A6B /* front.lammpstrj */,
				D41B70C61A46C6F000AA73F3 /* short.lammpstrj */,
				D4F9F72E1A43A22D00CF2521 /* run_test.sh */,
				D4F9F7341A43A25E00CF2521 /* Makefile */,
				D4F9F7391A43A25E00CF2521 /* test.py */,
				D4F9F73B1A43A25E00CF2521 /* unit_cell.plot */,
			);
			name = work;
			sourceTree = "<group>";
		};
		D458CADC1A441360001EFFC5 /* trj_contact */ = {
			isa = PBXGroup;
			children = (
			);
			name = trj_contact;
			path = work/trj_contact;
			sourceTree = "<group>";
		};
		D4F9F6FA1A4241BF00CF2521 /* test */ = {
			isa = PBXGroup;
			children = (
				D4F9F6FB1A4241BF00CF2521 /* main.cpp */,
			);
			path = test;
			sourceTree = "<group>";
		};
/* End PBXGroup section */

/* Begin PBXLegacyTarget section */
		D454B4421A43AAEC005ACB79 /* testing */ = {
			isa = PBXLegacyTarget;
			buildArgumentsString = "$(ACTION)";
			buildConfigurationList = D454B4451A43AAEC005ACB79 /* Build configuration list for PBXLegacyTarget "testing" */;
			buildPhases = (
			);
			buildToolPath = /usr/bin/make;
			buildWorkingDirectory = "~/make/analysis/work";
			dependencies = (
				D454B4471A43AAF5005ACB79 /* PBXTargetDependency */,
			);
			name = testing;
			passBuildSettingsInEnvironment = 1;
			productName = "Build with Make";
		};
		D4F75BF01A465064003ACC41 /* present */ = {
			isa = PBXLegacyTarget;
			buildArgumentsString = "";
			buildConfigurationList = D4F75BF11A465064003ACC41 /* Build configuration list for PBXLegacyTarget "present" */;
			buildPhases = (
			);
			buildToolPath = /usr/bin/make;
			buildWorkingDirectory = "~/make/analysis/work";
			dependencies = (
			);
			name = present;
			passBuildSettingsInEnvironment = 1;
			productName = present;
		};
/* End PBXLegacyTarget section */

/* Begin PBXNativeTarget section */
		D44E43801A33DCB70095271F /* analysis */ = {
			isa = PBXNativeTarget;
			buildConfigurationList = D44E43881A33DCB70095271F /* Build configuration list for PBXNativeTarget "analysis" */;
			buildPhases = (
				D44E437D1A33DCB70095271F /* Sources */,
				D44E437E1A33DCB70095271F /* Frameworks */,
				D44E437F1A33DCB70095271F /* CopyFiles */,
				D4F75BEE1A46231D003ACC41 /* CopyFiles */,
			);
			buildRules = (
			);
			dependencies = (
			);
			name = analysis;
			productName = analysis;
			productReference = D44E43811A33DCB70095271F /* analysis */;
			productType = "com.apple.product-type.tool";
		};
		D4F9F6F81A4241BF00CF2521 /* test */ = {
			isa = PBXNativeTarget;
			buildConfigurationList = D4F9F6FD1A4241BF00CF2521 /* Build configuration list for PBXNativeTarget "test" */;
			buildPhases = (
				D4F9F6F51A4241BF00CF2521 /* Sources */,
				D4F9F6F61A4241BF00CF2521 /* Frameworks */,
				D4F9F6F71A4241BF00CF2521 /* CopyFiles */,
			);
			buildRules = (
			);
			dependencies = (
			);
			name = test;
			productName = test;
			productReference = D4F9F6F91A4241BF00CF2521 /* test */;
			productType = "com.apple.product-type.tool";
		};
/* End PBXNativeTarget section */

/* Begin PBXProject section */
		D44E43791A33DCB70095271F /* Project object */ = {
			isa = PBXProject;
			attributes = {
				LastUpgradeCheck = 0610;
				ORGANIZATIONNAME = "Malcolm Ramsay";
				TargetAttributes = {
					D44E43801A33DCB70095271F = {
						CreatedOnToolsVersion = 6.1.1;
					};
					D454B4421A43AAEC005ACB79 = {
						CreatedOnToolsVersion = 6.1.1;
					};
					D4F75BF01A465064003ACC41 = {
						CreatedOnToolsVersion = 6.1.1;
					};
					D4F9F6F81A4241BF00CF2521 = {
						CreatedOnToolsVersion = 6.1.1;
					};
				};
			};
			buildConfigurationList = D44E437C1A33DCB70095271F /* Build configuration list for PBXProject "analysis" */;
			compatibilityVersion = "Xcode 3.2";
			developmentRegion = English;
			hasScannedForEncodings = 0;
			knownRegions = (
				en,
			);
			mainGroup = D44E43781A33DCB70095271F;
			productRefGroup = D44E43821A33DCB70095271F /* Products */;
			projectDirPath = "";
			projectRoot = "";
			targets = (
				D44E43801A33DCB70095271F /* analysis */,
				D4F9F6F81A4241BF00CF2521 /* test */,
				D454B4421A43AAEC005ACB79 /* testing */,
				D4F75BF01A465064003ACC41 /* present */,
			);
		};
/* End PBXProject section */

/* Begin PBXSourcesBuildPhase section */
		D44E437D1A33DCB70095271F /* Sources */ = {
			isa = PBXSourcesBuildPhase;
			buildActionMask = 2147483647;
			files = (
				D4E6D7B21A3598C600A9D7F6 /* molecule.cpp in Sources */,
				D4E6D79E1A35989A00A9D7F6 /* output.cpp in Sources */,
				D4E6D79F1A35989A00A9D7F6 /* parallel.cpp in Sources */,
				D4E6D7A01A35989A00A9D7F6 /* particle.cpp in Sources */,
				D4E6D7B31A3598C600A9D7F6 /* my_mean.cpp in Sources */,
				D4E6D7A11A35989A00A9D7F6 /* vect.cpp in Sources */,
				D4E6D7B01A3598C600A9D7F6 /* dyn_queue.cpp in Sources */,
				D4F9F6F41A42337A00CF2521 /* unit_cell.cpp in Sources */,
				D4E6D7A21A35989A00A9D7F6 /* main.cpp in Sources */,
				D45EE73C1A65DFCC001AB0E7 /* analyse.cpp in Sources */,
				D4E6D79D1A35988600A9D7F6 /* neighbours.cpp in Sources */,
				D4E6D79C1A35988200A9D7F6 /* mol_functions.cpp in Sources */,
				D4E6D79B1A35987D00A9D7F6 /* input.cpp in Sources */,
				D4E6D79A1A35987900A9D7F6 /* functions.cpp in Sources */,
				D454B44A1A43D1EE005ACB79 /* angle_list.cpp in Sources */,
				D4E6D7991A35987500A9D7F6 /* frame.cpp in Sources */,
			);
			runOnlyForDeploymentPostprocessing = 0;
		};
		D4F9F6F51A4241BF00CF2521 /* Sources */ = {
			isa = PBXSourcesBuildPhase;
			buildActionMask = 2147483647;
			files = (
				D4F9F71A1A439F8C00CF2521 /* dyn_queue.cpp in Sources */,
				D4F9F71B1A439F8C00CF2521 /* molecule.cpp in Sources */,
				D4F9F71C1A439F8C00CF2521 /* my_mean.cpp in Sources */,
				D4F9F71D1A439F8C00CF2521 /* frame.cpp in Sources */,
				D4F9F71E1A439F8C00CF2521 /* functions.cpp in Sources */,
				D4F9F71F1A439F8C00CF2521 /* input.cpp in Sources */,
				D4F9F7201A439F8C00CF2521 /* unit_cell.cpp in Sources */,
				D4F9F7211A439F8C00CF2521 /* mol_functions.cpp in Sources */,
				D4F9F7221A439F8C00CF2521 /* neighbours.cpp in Sources */,
				D4F9F7231A439F8C00CF2521 /* output.cpp in Sources */,
				D4F9F7241A439F8C00CF2521 /* parallel.cpp in Sources */,
				D4F9F7251A439F8C00CF2521 /* particle.cpp in Sources */,
				D4F9F7261A439F8C00CF2521 /* vect.cpp in Sources */,
				D454B44B1A43D1EE005ACB79 /* angle_list.cpp in Sources */,
				D4F9F6FC1A4241BF00CF2521 /* main.cpp in Sources */,
			);
			runOnlyForDeploymentPostprocessing = 0;
		};
/* End PBXSourcesBuildPhase section */

/* Begin PBXTargetDependency section */
		D454B4471A43AAF5005ACB79 /* PBXTargetDependency */ = {
			isa = PBXTargetDependency;
			target = D44E43801A33DCB70095271F /* analysis */;
			targetProxy = D454B4461A43AAF5005ACB79 /* PBXContainerItemProxy */;
		};
/* End PBXTargetDependency section */

/* Begin XCBuildConfiguration section */
		D44E43861A33DCB70095271F /* Debug */ = {
			isa = XCBuildConfiguration;
			buildSettings = {
				ALWAYS_SEARCH_USER_PATHS = NO;
				CLANG_CXX_LANGUAGE_STANDARD = "gnu++0x";
				CLANG_CXX_LIBRARY = "libc++";
				CLANG_ENABLE_MODULES = YES;
				CLANG_ENABLE_OBJC_ARC = YES;
				CLANG_WARN_BOOL_CONVERSION = YES;
				CLANG_WARN_CONSTANT_CONVERSION = YES;
				CLANG_WARN_DIRECT_OBJC_ISA_USAGE = YES_ERROR;
				CLANG_WARN_EMPTY_BODY = YES;
				CLANG_WARN_ENUM_CONVERSION = YES;
				CLANG_WARN_INT_CONVERSION = YES;
				CLANG_WARN_OBJC_ROOT_CLASS = YES_ERROR;
				CLANG_WARN_UNREACHABLE_CODE = YES;
				CLANG_WARN__DUPLICATE_METHOD_MATCH = YES;
				COPY_PHASE_STRIP = NO;
				ENABLE_STRICT_OBJC_MSGSEND = YES;
				GCC_C_LANGUAGE_STANDARD = gnu99;
				GCC_DYNAMIC_NO_PIC = NO;
				GCC_OPTIMIZATION_LEVEL = fast;
				GCC_PREPROCESSOR_DEFINITIONS = (
					"DEBUG=1",
					"$(inherited)",
				);
				GCC_SYMBOLS_PRIVATE_EXTERN = NO;
				GCC_WARN_64_TO_32_BIT_CONVERSION = YES;
				GCC_WARN_ABOUT_RETURN_TYPE = YES_ERROR;
				GCC_WARN_UNDECLARED_SELECTOR = YES;
				GCC_WARN_UNINITIALIZED_AUTOS = YES_AGGRESSIVE;
				GCC_WARN_UNUSED_FUNCTION = YES;
				GCC_WARN_UNUSED_VARIABLE = YES;
				MACOSX_DEPLOYMENT_TARGET = 10.10;
				MTL_ENABLE_DEBUG_INFO = YES;
				ONLY_ACTIVE_ARCH = YES;
				SDKROOT = macosx;
			};
			name = Debug;
		};
		D44E43871A33DCB70095271F /* Release */ = {
			isa = XCBuildConfiguration;
			buildSettings = {
				ALWAYS_SEARCH_USER_PATHS = NO;
				CLANG_CXX_LANGUAGE_STANDARD = "gnu++0x";
				CLANG_CXX_LIBRARY = "libc++";
				CLANG_ENABLE_MODULES = YES;
				CLANG_ENABLE_OBJC_ARC = YES;
				CLANG_WARN_BOOL_CONVERSION = YES;
				CLANG_WARN_CONSTANT_CONVERSION = YES;
				CLANG_WARN_DIRECT_OBJC_ISA_USAGE = YES_ERROR;
				CLANG_WARN_EMPTY_BODY = YES;
				CLANG_WARN_ENUM_CONVERSION = YES;
				CLANG_WARN_INT_CONVERSION = YES;
				CLANG_WARN_OBJC_ROOT_CLASS = YES_ERROR;
				CLANG_WARN_UNREACHABLE_CODE = YES;
				CLANG_WARN__DUPLICATE_METHOD_MATCH = YES;
				COPY_PHASE_STRIP = YES;
				DEBUG_INFORMATION_FORMAT = "dwarf-with-dsym";
				ENABLE_NS_ASSERTIONS = NO;
				ENABLE_STRICT_OBJC_MSGSEND = YES;
				GCC_C_LANGUAGE_STANDARD = gnu99;
				GCC_OPTIMIZATION_LEVEL = fast;
				GCC_WARN_64_TO_32_BIT_CONVERSION = YES;
				GCC_WARN_ABOUT_RETURN_TYPE = YES_ERROR;
				GCC_WARN_UNDECLARED_SELECTOR = YES;
				GCC_WARN_UNINITIALIZED_AUTOS = YES_AGGRESSIVE;
				GCC_WARN_UNUSED_FUNCTION = YES;
				GCC_WARN_UNUSED_VARIABLE = YES;
				MACOSX_DEPLOYMENT_TARGET = 10.10;
				MTL_ENABLE_DEBUG_INFO = NO;
				SDKROOT = macosx;
			};
			name = Release;
		};
		D44E43891A33DCB70095271F /* Debug */ = {
			isa = XCBuildConfiguration;
			buildSettings = {
				INSTALL_PATH = "~/make/bin/mac/";
				PRODUCT_NAME = "$(TARGET_NAME)";
			};
			name = Debug;
		};
		D44E438A1A33DCB70095271F /* Release */ = {
			isa = XCBuildConfiguration;
			buildSettings = {
				INSTALL_PATH = "~/make/bin/mac/";
				PRODUCT_NAME = "$(TARGET_NAME)";
			};
			name = Release;
		};
		D454B4431A43AAEC005ACB79 /* Debug */ = {
			isa = XCBuildConfiguration;
			buildSettings = {
				DEBUGGING_SYMBOLS = YES;
				GCC_GENERATE_DEBUGGING_SYMBOLS = YES;
				GCC_OPTIMIZATION_LEVEL = 0;
				GCC_PREPROCESSOR_DEFINITIONS = (
					"DEBUG=1",
					"$(inherited)",
				);
				OTHER_CFLAGS = "";
				OTHER_LDFLAGS = "";
				PRODUCT_NAME = "$(TARGET_NAME)";
			};
			name = Debug;
		};
		D454B4441A43AAEC005ACB79 /* Release */ = {
			isa = XCBuildConfiguration;
			buildSettings = {
				OTHER_CFLAGS = "";
				OTHER_LDFLAGS = "";
				PRODUCT_NAME = "$(TARGET_NAME)";
			};
			name = Release;
		};
		D4F75BF21A465064003ACC41 /* Debug */ = {
			isa = XCBuildConfiguration;
			buildSettings = {
				DEBUGGING_SYMBOLS = YES;
				GCC_GENERATE_DEBUGGING_SYMBOLS = YES;
				GCC_OPTIMIZATION_LEVEL = 0;
				GCC_PREPROCESSOR_DEFINITIONS = (
					"DEBUG=1",
					"$(inherited)",
				);
				OTHER_CFLAGS = "";
				OTHER_LDFLAGS = "";
				PRODUCT_NAME = "$(TARGET_NAME)";
			};
			name = Debug;
		};
		D4F75BF31A465064003ACC41 /* Release */ = {
			isa = XCBuildConfiguration;
			buildSettings = {
				OTHER_CFLAGS = "";
				OTHER_LDFLAGS = "";
				PRODUCT_NAME = "$(TARGET_NAME)";
			};
			name = Release;
		};
		D4F9F6FE1A4241BF00CF2521 /* Debug */ = {
			isa = XCBuildConfiguration;
			buildSettings = {
				GCC_OPTIMIZATION_LEVEL = 0;
				GCC_PREPROCESSOR_DEFINITIONS = (
					"DEBUG=1",
					"$(inherited)",
				);
				INSTALL_PATH = "~/bin";
				PRODUCT_NAME = "$(TARGET_NAME)";
			};
			name = Debug;
		};
		D4F9F6FF1A4241BF00CF2521 /* Release */ = {
			isa = XCBuildConfiguration;
			buildSettings = {
				INSTALL_PATH = "~/bin";
				PRODUCT_NAME = "$(TARGET_NAME)";
			};
			name = Release;
		};
/* End XCBuildConfiguration section */

/* Begin XCConfigurationList section */
		D44E437C1A33DCB70095271F /* Build configuration list for PBXProject "analysis" */ = {
			isa = XCConfigurationList;
			buildConfigurations = (
				D44E43861A33DCB70095271F /* Debug */,
				D44E43871A33DCB70095271F /* Release */,
			);
			defaultConfigurationIsVisible = 0;
			defaultConfigurationName = Release;
		};
		D44E43881A33DCB70095271F /* Build configuration list for PBXNativeTarget "analysis" */ = {
			isa = XCConfigurationList;
			buildConfigurations = (
				D44E43891A33DCB70095271F /* Debug */,
				D44E438A1A33DCB70095271F /* Release */,
			);
			defaultConfigurationIsVisible = 0;
			defaultConfigurationName = Release;
		};
		D454B4451A43AAEC005ACB79 /* Build configuration list for PBXLegacyTarget "testing" */ = {
			isa = XCConfigurationList;
			buildConfigurations = (
				D454B4431A43AAEC005ACB79 /* Debug */,
				D454B4441A43AAEC005ACB79 /* Release */,
			);
			defaultConfigurationIsVisible = 0;
			defaultConfigurationName = Release;
		};
		D4F75BF11A465064003ACC41 /* Build configuration list for PBXLegacyTarget "present" */ = {
			isa = XCConfigurationList;
			buildConfigurations = (
				D4F75BF21A465064003ACC41 /* Debug */,
				D4F75BF31A465064003ACC41 /* Release */,
			);
			defaultConfigurationIsVisible = 0;
			defaultConfigurationName = Release;
		};
		D4F9F6FD1A4241BF00CF2521 /* Build configuration list for PBXNativeTarget "test" */ = {
			isa = XCConfigurationList;
			buildConfigurations = (
				D4F9F6FE1A4241BF00CF2521 /* Debug */,
				D4F9F6FF1A4241BF00CF2521 /* Release */,
			);
			defaultConfigurationIsVisible = 0;
			defaultConfigurationName = Release;
		};
/* End XCConfigurationList section */
	};
	rootObject = D44E43791A33DCB70095271F /* Project object */;
}
